
Microsoft Visual Studio Solution File, Format Version 12.00
# Visual Studio Version 17
VisualStudioVersion = 17.0.32014.148
MinimumVisualStudioVersion = 10.0.40219.1
Project("{FAE04EC0-301F-11D3-BF4B-00C04F79EFBC}") = "LabSolver.Contracts", "LabSolver.Contracts\LabSolver.Contracts.csproj", "{94BE55C9-D4CB-4695-9CB8-44C9CFEA20BD}"
EndProject
Global
	GlobalSection(SolutionConfigurationPlatforms) = preSolution
		Debug|Any CPU = Debug|Any CPU
		Release|Any CPU = Release|Any CPU
	EndGlobalSection
	GlobalSection(ProjectConfigurationPlatforms) = postSolution
		{94BE55C9-D4CB-4695-9CB8-44C9CFEA20BD}.Debug|Any CPU.ActiveCfg = Debug|Any CPU
		{94BE55C9-D4CB-4695-9CB8-44C9CFEA20BD}.Debug|Any CPU.Build.0 = Debug|Any CPU
		{94BE55C9-D4CB-4695-9CB8-44C9CFEA20BD}.Release|Any CPU.ActiveCfg = Release|Any CPU
		{94BE55C9-D4CB-4695-9CB8-44C9CFEA20BD}.Release|Any CPU.Build.0 = Release|Any CPU
	EndGlobalSection
	GlobalSection(SolutionProperties) = preSolution
		HideSolutionNode = FALSE
	EndGlobalSection
	GlobalSection(ExtensibilityGlobals) = postSolution
		SolutionGuid = {9414997D-3DC0-4BDF-AAB7-8C6621868A9B}
	EndGlobalSection
EndGlobal
