
Microsoft Visual Studio Solution File, Format Version 12.00
# Visual Studio Version 17
VisualStudioVersion = 17.0.32014.148
MinimumVisualStudioVersion = 10.0.40219.1
Project("{9A19103F-16F7-4668-BE54-9A1E7A4F7556}") = "LabSolver.Contracts", "LabSolver.Contracts\LabSolver.Contracts.csproj", "{94BE55C9-D4CB-4695-9CB8-44C9CFEA20BD}"
EndProject
Project("{9A19103F-16F7-4668-BE54-9A1E7A4F7556}") = "LabSolver.Tests", "LabSolver.Tests\LabSolver.Tests.csproj", "{0F68B809-F2C1-4350-9078-B88658DE9FE8}"
EndProject
Project("{9A19103F-16F7-4668-BE54-9A1E7A4F7556}") = "LabSolver", "LabSolver\LabSolver.csproj", "{A96FDA64-3495-4DF6-8DB3-D9F781A47565}"
EndProject
Project("{9A19103F-16F7-4668-BE54-9A1E7A4F7556}") = "LabSolver.ConsoleApp", "LabSolver.ConsoleApp\LabSolver.ConsoleApp.csproj", "{4A7DDB40-BD88-4B83-93F1-2A6706AB3836}"
EndProject
Project("{FAE04EC0-301F-11D3-BF4B-00C04F79EFBC}") = "FibonacciCalculator.Contracts", "FibonacciCalculator.Contracts\FibonacciCalculator.Contracts.csproj", "{33D4CD11-EBA8-43EB-947F-161DC87D3BFB}"
EndProject
Global
	GlobalSection(SolutionConfigurationPlatforms) = preSolution
		Debug|Any CPU = Debug|Any CPU
		Release|Any CPU = Release|Any CPU
	EndGlobalSection
	GlobalSection(ProjectConfigurationPlatforms) = postSolution
		{94BE55C9-D4CB-4695-9CB8-44C9CFEA20BD}.Debug|Any CPU.ActiveCfg = Debug|Any CPU
		{94BE55C9-D4CB-4695-9CB8-44C9CFEA20BD}.Debug|Any CPU.Build.0 = Debug|Any CPU
		{94BE55C9-D4CB-4695-9CB8-44C9CFEA20BD}.Release|Any CPU.ActiveCfg = Release|Any CPU
		{94BE55C9-D4CB-4695-9CB8-44C9CFEA20BD}.Release|Any CPU.Build.0 = Release|Any CPU
		{0F68B809-F2C1-4350-9078-B88658DE9FE8}.Debug|Any CPU.ActiveCfg = Debug|Any CPU
		{0F68B809-F2C1-4350-9078-B88658DE9FE8}.Debug|Any CPU.Build.0 = Debug|Any CPU
		{0F68B809-F2C1-4350-9078-B88658DE9FE8}.Release|Any CPU.ActiveCfg = Release|Any CPU
		{0F68B809-F2C1-4350-9078-B88658DE9FE8}.Release|Any CPU.Build.0 = Release|Any CPU
		{A96FDA64-3495-4DF6-8DB3-D9F781A47565}.Debug|Any CPU.ActiveCfg = Debug|Any CPU
		{A96FDA64-3495-4DF6-8DB3-D9F781A47565}.Debug|Any CPU.Build.0 = Debug|Any CPU
		{A96FDA64-3495-4DF6-8DB3-D9F781A47565}.Release|Any CPU.ActiveCfg = Release|Any CPU
		{A96FDA64-3495-4DF6-8DB3-D9F781A47565}.Release|Any CPU.Build.0 = Release|Any CPU
		{4A7DDB40-BD88-4B83-93F1-2A6706AB3836}.Debug|Any CPU.ActiveCfg = Debug|Any CPU
		{4A7DDB40-BD88-4B83-93F1-2A6706AB3836}.Debug|Any CPU.Build.0 = Debug|Any CPU
		{4A7DDB40-BD88-4B83-93F1-2A6706AB3836}.Release|Any CPU.ActiveCfg = Release|Any CPU
		{4A7DDB40-BD88-4B83-93F1-2A6706AB3836}.Release|Any CPU.Build.0 = Release|Any CPU
		{33D4CD11-EBA8-43EB-947F-161DC87D3BFB}.Debug|Any CPU.ActiveCfg = Debug|Any CPU
		{33D4CD11-EBA8-43EB-947F-161DC87D3BFB}.Debug|Any CPU.Build.0 = Debug|Any CPU
		{33D4CD11-EBA8-43EB-947F-161DC87D3BFB}.Release|Any CPU.ActiveCfg = Release|Any CPU
		{33D4CD11-EBA8-43EB-947F-161DC87D3BFB}.Release|Any CPU.Build.0 = Release|Any CPU
	EndGlobalSection
	GlobalSection(SolutionProperties) = preSolution
		HideSolutionNode = FALSE
	EndGlobalSection
	GlobalSection(ExtensibilityGlobals) = postSolution
		SolutionGuid = {9414997D-3DC0-4BDF-AAB7-8C6621868A9B}
	EndGlobalSection
EndGlobal
